
Microsoft Visual Studio Solution File, Format Version 12.00
# Visual Studio Version 17
VisualStudioVersion = 17.0.32112.339
MinimumVisualStudioVersion = 10.0.40219.1
Project("{9A19103F-16F7-4668-BE54-9A1E7A4F7556}") = "DgKala", "DgKala\DgKala.csproj", "{9EBD375E-D608-4DA0-8BF4-30A9C17FBC48}"
EndProject
Global
	GlobalSection(SolutionConfigurationPlatforms) = preSolution
		Debug|Any CPU = Debug|Any CPU
		Release|Any CPU = Release|Any CPU
	EndGlobalSection
	GlobalSection(ProjectConfigurationPlatforms) = postSolution
		{9EBD375E-D608-4DA0-8BF4-30A9C17FBC48}.Debug|Any CPU.ActiveCfg = Debug|Any CPU
		{9EBD375E-D608-4DA0-8BF4-30A9C17FBC48}.Debug|Any CPU.Build.0 = Debug|Any CPU
		{9EBD375E-D608-4DA0-8BF4-30A9C17FBC48}.Release|Any CPU.ActiveCfg = Release|Any CPU
		{9EBD375E-D608-4DA0-8BF4-30A9C17FBC48}.Release|Any CPU.Build.0 = Release|Any CPU
	EndGlobalSection
	GlobalSection(SolutionProperties) = preSolution
		HideSolutionNode = FALSE
	EndGlobalSection
	GlobalSection(ExtensibilityGlobals) = postSolution
		SolutionGuid = {48F6E2DD-1E7F-4877-9B1D-82E0EA66FB86}
	EndGlobalSection
EndGlobal
